
Microsoft Visual Studio Solution File, Format Version 12.00
# Visual Studio Version 16
VisualStudioVersion = 16.0.30717.126
MinimumVisualStudioVersion = 10.0.40219.1
Project("{FAE04EC0-301F-11D3-BF4B-00C04F79EFBC}") = "Vikly", "Vikly\Vikly.csproj", "{E7A0619A-CBAC-4D9C-BB69-411712612B6C}"
EndProject
Global
	GlobalSection(SolutionConfigurationPlatforms) = preSolution
		Debug|Any CPU = Debug|Any CPU
		Release|Any CPU = Release|Any CPU
	EndGlobalSection
	GlobalSection(ProjectConfigurationPlatforms) = postSolution
		{E7A0619A-CBAC-4D9C-BB69-411712612B6C}.Debug|Any CPU.ActiveCfg = Debug|Any CPU
		{E7A0619A-CBAC-4D9C-BB69-411712612B6C}.Debug|Any CPU.Build.0 = Debug|Any CPU
		{E7A0619A-CBAC-4D9C-BB69-411712612B6C}.Release|Any CPU.ActiveCfg = Release|Any CPU
		{E7A0619A-CBAC-4D9C-BB69-411712612B6C}.Release|Any CPU.Build.0 = Release|Any CPU
	EndGlobalSection
	GlobalSection(SolutionProperties) = preSolution
		HideSolutionNode = FALSE
	EndGlobalSection
	GlobalSection(ExtensibilityGlobals) = postSolution
		SolutionGuid = {BC49BEE5-41E5-4FBE-9816-B0E374D37C32}
	EndGlobalSection
EndGlobal
